
Microsoft Visual Studio Solution File, Format Version 12.00
# Visual Studio Version 16
VisualStudioVersion = 16.0.30717.126
MinimumVisualStudioVersion = 10.0.40219.1
Project("{FAE04EC0-301F-11D3-BF4B-00C04F79EFBC}") = "Validation_DI", "Validation_DI\Validation_DI.csproj", "{71BEC4B3-32A1-4907-8C74-232AA2CFE06A}"
EndProject
Project("{FAE04EC0-301F-11D3-BF4B-00C04F79EFBC}") = "ValLib", "ValLib\ValLib.csproj", "{AD34FCAB-953C-4F57-9057-E4B5F05692A1}"
EndProject
Project("{FAE04EC0-301F-11D3-BF4B-00C04F79EFBC}") = "Validation_UnitTest", "Validation_UnitTest\Validation_UnitTest.csproj", "{F3FB42A8-2E49-45F1-AABE-8065ED30642E}"
EndProject
Global
	GlobalSection(SolutionConfigurationPlatforms) = preSolution
		Debug|Any CPU = Debug|Any CPU
		Release|Any CPU = Release|Any CPU
	EndGlobalSection
	GlobalSection(ProjectConfigurationPlatforms) = postSolution
		{71BEC4B3-32A1-4907-8C74-232AA2CFE06A}.Debug|Any CPU.ActiveCfg = Debug|Any CPU
		{71BEC4B3-32A1-4907-8C74-232AA2CFE06A}.Debug|Any CPU.Build.0 = Debug|Any CPU
		{71BEC4B3-32A1-4907-8C74-232AA2CFE06A}.Release|Any CPU.ActiveCfg = Release|Any CPU
		{71BEC4B3-32A1-4907-8C74-232AA2CFE06A}.Release|Any CPU.Build.0 = Release|Any CPU
		{AD34FCAB-953C-4F57-9057-E4B5F05692A1}.Debug|Any CPU.ActiveCfg = Debug|Any CPU
		{AD34FCAB-953C-4F57-9057-E4B5F05692A1}.Debug|Any CPU.Build.0 = Debug|Any CPU
		{AD34FCAB-953C-4F57-9057-E4B5F05692A1}.Release|Any CPU.ActiveCfg = Release|Any CPU
		{AD34FCAB-953C-4F57-9057-E4B5F05692A1}.Release|Any CPU.Build.0 = Release|Any CPU
		{F3FB42A8-2E49-45F1-AABE-8065ED30642E}.Debug|Any CPU.ActiveCfg = Debug|Any CPU
		{F3FB42A8-2E49-45F1-AABE-8065ED30642E}.Debug|Any CPU.Build.0 = Debug|Any CPU
		{F3FB42A8-2E49-45F1-AABE-8065ED30642E}.Release|Any CPU.ActiveCfg = Release|Any CPU
		{F3FB42A8-2E49-45F1-AABE-8065ED30642E}.Release|Any CPU.Build.0 = Release|Any CPU
	EndGlobalSection
	GlobalSection(SolutionProperties) = preSolution
		HideSolutionNode = FALSE
	EndGlobalSection
	GlobalSection(ExtensibilityGlobals) = postSolution
		SolutionGuid = {A07688E0-30DE-401F-BA64-2CA74D039A72}
	EndGlobalSection
EndGlobal
